Microsoft Visual Studio Solution File, Format Version 11.00
# Visual Studio 2008

Project("{F82B6D57-2FCC-3501-4B0F-C1AD4595ED47}") = "Level_System_updated", "Assembly-CSharp-firstpass-vs.csproj", "{3D1655CC-D4F9-AAD5-ECB5-C5FF69FC5CC8}"
EndProject
Project("{F82B6D57-2FCC-3501-4B0F-C1AD4595ED47}") = "Level_System_updated", "Assembly-CSharp-vs.csproj", "{FE3FF8AA-FFA6-0C27-6D15-4EA4611C7BBD}"
EndProject
Global
	GlobalSection(SolutionConfigurationPlatforms) = preSolution
		Debug|Any CPU = Debug|Any CPU
		Release|Any CPU = Release|Any CPU
	EndGlobalSection
	GlobalSection(ProjectConfigurationPlatforms) = postSolution
		{3D1655CC-D4F9-AAD5-ECB5-C5FF69FC5CC8}.Debug|Any CPU.ActiveCfg = Debug|Any CPU
		{3D1655CC-D4F9-AAD5-ECB5-C5FF69FC5CC8}.Debug|Any CPU.Build.0 = Debug|Any CPU
		{3D1655CC-D4F9-AAD5-ECB5-C5FF69FC5CC8}.Release|Any CPU.ActiveCfg = Release|Any CPU
		{3D1655CC-D4F9-AAD5-ECB5-C5FF69FC5CC8}.Release|Any CPU.Build.0 = Release|Any CPU
		{FE3FF8AA-FFA6-0C27-6D15-4EA4611C7BBD}.Debug|Any CPU.ActiveCfg = Debug|Any CPU
		{FE3FF8AA-FFA6-0C27-6D15-4EA4611C7BBD}.Debug|Any CPU.Build.0 = Debug|Any CPU
		{FE3FF8AA-FFA6-0C27-6D15-4EA4611C7BBD}.Release|Any CPU.ActiveCfg = Release|Any CPU
		{FE3FF8AA-FFA6-0C27-6D15-4EA4611C7BBD}.Release|Any CPU.Build.0 = Release|Any CPU
	EndGlobalSection
	GlobalSection(SolutionProperties) = preSolution
		HideSolutionNode = FALSE
	EndGlobalSection
														GlobalSection(MonoDevelopProperties) = preSolution
		StartupItem = Assembly-CSharp.csproj
		Policies = $0
		$0.TextStylePolicy = $1
		$1.inheritsSet = null
		$1.scope = text/x-csharp
		$0.CSharpFormattingPolicy = $2
		$2.inheritsSet = Mono
		$2.inheritsScope = text/x-csharp
		$2.scope = text/x-csharp
		$0.TextStylePolicy = $3
		$3.FileWidth = 120
		$3.TabWidth = 4
		$3.EolMarker = Unix
		$3.inheritsSet = Mono
		$3.inheritsScope = text/plain
		$3.scope = text/plain
	EndGlobalSection

EndGlobal
